// !$*UTF8*$!
{
	archiveVersion = 1;
	classes = {
	};
	objectVersion = 56;
	objects = {

/* Begin PBXBuildFile section */
		7082FE2F2C6E5F470028384F /* AppDelegate.swift in Sources */ = {isa = PBXBuildFile; fileRef = 7082FE2E2C6E5F470028384F /* AppDelegate.swift */; };
		7082FE312C6E5F470028384F /* SceneDelegate.swift in Sources */ = {isa = PBXBuildFile; fileRef = 7082FE302C6E5F470028384F /* SceneDelegate.swift */; };
		7082FE332C6E5F470028384F /* WeatherDetailsViewController.swift in Sources */ = {isa = PBXBuildFile; fileRef = 7082FE322C6E5F470028384F /* WeatherDetailsViewController.swift */; };
		7082FE382C6E5F480028384F /* Assets.xcassets in Resources */ = {isa = PBXBuildFile; fileRef = 7082FE372C6E5F480028384F /* Assets.xcassets */; };
		7082FE3B2C6E5F480028384F /* LaunchScreen.storyboard in Resources */ = {isa = PBXBuildFile; fileRef = 7082FE392C6E5F480028384F /* LaunchScreen.storyboard */; };
		7082FE462C6E5F480028384F /* Weather_appTests.swift in Sources */ = {isa = PBXBuildFile; fileRef = 7082FE452C6E5F480028384F /* Weather_appTests.swift */; };
		7082FE502C6E5F480028384F /* Weather_appUITests.swift in Sources */ = {isa = PBXBuildFile; fileRef = 7082FE4F2C6E5F480028384F /* Weather_appUITests.swift */; };
		7082FE522C6E5F480028384F /* Weather_appUITestsLaunchTests.swift in Sources */ = {isa = PBXBuildFile; fileRef = 7082FE512C6E5F480028384F /* Weather_appUITestsLaunchTests.swift */; };
		7082FE672C6E63410028384F /* SearchBarView.swift in Sources */ = {isa = PBXBuildFile; fileRef = 7082FE662C6E63410028384F /* SearchBarView.swift */; };
		7082FE692C6E68300028384F /* TemperatureDataView.swift in Sources */ = {isa = PBXBuildFile; fileRef = 7082FE682C6E68300028384F /* TemperatureDataView.swift */; };
		7082FE6C2C6E69E90028384F /* Weather.swift in Sources */ = {isa = PBXBuildFile; fileRef = 7082FE6B2C6E69E90028384F /* Weather.swift */; };
		7082FE6E2C6E741A0028384F /* OWMWeatherResponse.swift in Sources */ = {isa = PBXBuildFile; fileRef = 7082FE6D2C6E741A0028384F /* OWMWeatherResponse.swift */; };
		7082FE702C6E74780028384F /* OWMMainWeatherData.swift in Sources */ = {isa = PBXBuildFile; fileRef = 7082FE6F2C6E74780028384F /* OWMMainWeatherData.swift */; };
		7082FE722C6E75260028384F /* OWMCloudData.swift in Sources */ = {isa = PBXBuildFile; fileRef = 7082FE712C6E75260028384F /* OWMCloudData.swift */; };
		7082FE742C6E75950028384F /* OWMWeatherVolumeData.swift in Sources */ = {isa = PBXBuildFile; fileRef = 7082FE732C6E75950028384F /* OWMWeatherVolumeData.swift */; };
		7082FE772C6E88770028384F /* WeatherDetailsPresenter.swift in Sources */ = {isa = PBXBuildFile; fileRef = 7082FE762C6E88770028384F /* WeatherDetailsPresenter.swift */; };
		7082FE792C6E896F0028384F /* WeatherDetailsContentProvider.swift in Sources */ = {isa = PBXBuildFile; fileRef = 7082FE782C6E896F0028384F /* WeatherDetailsContentProvider.swift */; };
		7082FE7C2C6E8BD00028384F /* String+Ext.swift in Sources */ = {isa = PBXBuildFile; fileRef = 7082FE7B2C6E8BD00028384F /* String+Ext.swift */; };
		7082FE7F2C6E8DFC0028384F /* OWMServiceProvider.swift in Sources */ = {isa = PBXBuildFile; fileRef = 7082FE7E2C6E8DFC0028384F /* OWMServiceProvider.swift */; };
		7082FE812C6E8E330028384F /* URLSession+Ext.swift in Sources */ = {isa = PBXBuildFile; fileRef = 7082FE802C6E8E330028384F /* URLSession+Ext.swift */; };
		7082FE832C6E8EE40028384F /* OWM-API.plist in Resources */ = {isa = PBXBuildFile; fileRef = 7082FE822C6E8EE40028384F /* OWM-API.plist */; };
		7082FE862C6E90A90028384F /* WeatherAppScreenBuilder.swift in Sources */ = {isa = PBXBuildFile; fileRef = 7082FE852C6E90A90028384F /* WeatherAppScreenBuilder.swift */; };
		7082FE882C6E94070028384F /* Bundle+Ext.swift in Sources */ = {isa = PBXBuildFile; fileRef = 7082FE872C6E94070028384F /* Bundle+Ext.swift */; };
		7082FE8A2C6E98BE0028384F /* APIData.swift in Sources */ = {isa = PBXBuildFile; fileRef = 7082FE892C6E98BE0028384F /* APIData.swift */; };
		7082FE8C2C6E9A9C0028384F /* Coordinates.swift in Sources */ = {isa = PBXBuildFile; fileRef = 7082FE8B2C6E9A9C0028384F /* Coordinates.swift */; };
		7082FE8E2C6E9F3D0028384F /* OWMGeoCodingResponse.swift in Sources */ = {isa = PBXBuildFile; fileRef = 7082FE8D2C6E9F3D0028384F /* OWMGeoCodingResponse.swift */; };
		7082FE902C6EA2010028384F /* ServiceHandler.swift in Sources */ = {isa = PBXBuildFile; fileRef = 7082FE8F2C6EA2010028384F /* ServiceHandler.swift */; };
		7082FE932C6EA84A0028384F /* ServiceError.swift in Sources */ = {isa = PBXBuildFile; fileRef = 7082FE922C6EA84A0028384F /* ServiceError.swift */; };
		7082FE962C6EB9E20028384F /* LoadingIndicatorView.swift in Sources */ = {isa = PBXBuildFile; fileRef = 7082FE952C6EB9E20028384F /* LoadingIndicatorView.swift */; };
		7082FE982C6EBCF70028384F /* UIColor+Ext.swift in Sources */ = {isa = PBXBuildFile; fileRef = 7082FE972C6EBCF70028384F /* UIColor+Ext.swift */; };
/* End PBXBuildFile section */

/* Begin PBXContainerItemProxy section */
		7082FE422C6E5F480028384F /* PBXContainerItemProxy */ = {
			isa = PBXContainerItemProxy;
			containerPortal = 7082FE232C6E5F470028384F /* Project object */;
			proxyType = 1;
			remoteGlobalIDString = 7082FE2A2C6E5F470028384F;
			remoteInfo = "Weather-app";
		};
		7082FE4C2C6E5F480028384F /* PBXContainerItemProxy */ = {
			isa = PBXContainerItemProxy;
			containerPortal = 7082FE232C6E5F470028384F /* Project object */;
			proxyType = 1;
			remoteGlobalIDString = 7082FE2A2C6E5F470028384F;
			remoteInfo = "Weather-app";
		};
/* End PBXContainerItemProxy section */

/* Begin PBXFileReference section */
		7082FE2B2C6E5F470028384F /* Weather-app.app */ = {isa = PBXFileReference; explicitFileType = wrapper.application; includeInIndex = 0; path = "Weather-app.app"; sourceTree = BUILT_PRODUCTS_DIR; };
		7082FE2E2C6E5F470028384F /* AppDelegate.swift */ = {isa = PBXFileReference; lastKnownFileType = sourcecode.swift; path = AppDelegate.swift; sourceTree = "<group>"; };
		7082FE302C6E5F470028384F /* SceneDelegate.swift */ = {isa = PBXFileReference; lastKnownFileType = sourcecode.swift; path = SceneDelegate.swift; sourceTree = "<group>"; };
		7082FE322C6E5F470028384F /* WeatherDetailsViewController.swift */ = {isa = PBXFileReference; lastKnownFileType = sourcecode.swift; path = WeatherDetailsViewController.swift; sourceTree = "<group>"; };
		7082FE372C6E5F480028384F /* Assets.xcassets */ = {isa = PBXFileReference; lastKnownFileType = folder.assetcatalog; path = Assets.xcassets; sourceTree = "<group>"; };
		7082FE3A2C6E5F480028384F /* Base */ = {isa = PBXFileReference; lastKnownFileType = file.storyboard; name = Base; path = Base.lproj/LaunchScreen.storyboard; sourceTree = "<group>"; };
		7082FE3C2C6E5F480028384F /* Info.plist */ = {isa = PBXFileReference; lastKnownFileType = text.plist.xml; path = Info.plist; sourceTree = "<group>"; };
		7082FE412C6E5F480028384F /* Weather-appTests.xctest */ = {isa = PBXFileReference; explicitFileType = wrapper.cfbundle; includeInIndex = 0; path = "Weather-appTests.xctest"; sourceTree = BUILT_PRODUCTS_DIR; };
		7082FE452C6E5F480028384F /* Weather_appTests.swift */ = {isa = PBXFileReference; lastKnownFileType = sourcecode.swift; path = Weather_appTests.swift; sourceTree = "<group>"; };
		7082FE4B2C6E5F480028384F /* Weather-appUITests.xctest */ = {isa = PBXFileReference; explicitFileType = wrapper.cfbundle; includeInIndex = 0; path = "Weather-appUITests.xctest"; sourceTree = BUILT_PRODUCTS_DIR; };
		7082FE4F2C6E5F480028384F /* Weather_appUITests.swift */ = {isa = PBXFileReference; lastKnownFileType = sourcecode.swift; path = Weather_appUITests.swift; sourceTree = "<group>"; };
		7082FE512C6E5F480028384F /* Weather_appUITestsLaunchTests.swift */ = {isa = PBXFileReference; lastKnownFileType = sourcecode.swift; path = Weather_appUITestsLaunchTests.swift; sourceTree = "<group>"; };
		7082FE662C6E63410028384F /* SearchBarView.swift */ = {isa = PBXFileReference; lastKnownFileType = sourcecode.swift; path = SearchBarView.swift; sourceTree = "<group>"; };
		7082FE682C6E68300028384F /* TemperatureDataView.swift */ = {isa = PBXFileReference; lastKnownFileType = sourcecode.swift; path = TemperatureDataView.swift; sourceTree = "<group>"; };
		7082FE6B2C6E69E90028384F /* Weather.swift */ = {isa = PBXFileReference; lastKnownFileType = sourcecode.swift; path = Weather.swift; sourceTree = "<group>"; };
		7082FE6D2C6E741A0028384F /* OWMWeatherResponse.swift */ = {isa = PBXFileReference; lastKnownFileType = sourcecode.swift; path = OWMWeatherResponse.swift; sourceTree = "<group>"; };
		7082FE6F2C6E74780028384F /* OWMMainWeatherData.swift */ = {isa = PBXFileReference; lastKnownFileType = sourcecode.swift; path = OWMMainWeatherData.swift; sourceTree = "<group>"; };
		7082FE712C6E75260028384F /* OWMCloudData.swift */ = {isa = PBXFileReference; lastKnownFileType = sourcecode.swift; path = OWMCloudData.swift; sourceTree = "<group>"; };
		7082FE732C6E75950028384F /* OWMWeatherVolumeData.swift */ = {isa = PBXFileReference; lastKnownFileType = sourcecode.swift; path = OWMWeatherVolumeData.swift; sourceTree = "<group>"; };
		7082FE762C6E88770028384F /* WeatherDetailsPresenter.swift */ = {isa = PBXFileReference; lastKnownFileType = sourcecode.swift; path = WeatherDetailsPresenter.swift; sourceTree = "<group>"; };
		7082FE782C6E896F0028384F /* WeatherDetailsContentProvider.swift */ = {isa = PBXFileReference; lastKnownFileType = sourcecode.swift; path = WeatherDetailsContentProvider.swift; sourceTree = "<group>"; };
		7082FE7B2C6E8BD00028384F /* String+Ext.swift */ = {isa = PBXFileReference; lastKnownFileType = sourcecode.swift; path = "String+Ext.swift"; sourceTree = "<group>"; };
		7082FE7E2C6E8DFC0028384F /* OWMServiceProvider.swift */ = {isa = PBXFileReference; lastKnownFileType = sourcecode.swift; path = OWMServiceProvider.swift; sourceTree = "<group>"; };
		7082FE802C6E8E330028384F /* URLSession+Ext.swift */ = {isa = PBXFileReference; lastKnownFileType = sourcecode.swift; path = "URLSession+Ext.swift"; sourceTree = "<group>"; };
		7082FE822C6E8EE40028384F /* OWM-API.plist */ = {isa = PBXFileReference; lastKnownFileType = text.plist.xml; path = "OWM-API.plist"; sourceTree = "<group>"; };
		7082FE852C6E90A90028384F /* WeatherAppScreenBuilder.swift */ = {isa = PBXFileReference; lastKnownFileType = sourcecode.swift; path = WeatherAppScreenBuilder.swift; sourceTree = "<group>"; };
		7082FE872C6E94070028384F /* Bundle+Ext.swift */ = {isa = PBXFileReference; lastKnownFileType = sourcecode.swift; path = "Bundle+Ext.swift"; sourceTree = "<group>"; };
		7082FE892C6E98BE0028384F /* APIData.swift */ = {isa = PBXFileReference; lastKnownFileType = sourcecode.swift; path = APIData.swift; sourceTree = "<group>"; };
		7082FE8B2C6E9A9C0028384F /* Coordinates.swift */ = {isa = PBXFileReference; lastKnownFileType = sourcecode.swift; path = Coordinates.swift; sourceTree = "<group>"; };
		7082FE8D2C6E9F3D0028384F /* OWMGeoCodingResponse.swift */ = {isa = PBXFileReference; lastKnownFileType = sourcecode.swift; path = OWMGeoCodingResponse.swift; sourceTree = "<group>"; };
		7082FE8F2C6EA2010028384F /* ServiceHandler.swift */ = {isa = PBXFileReference; lastKnownFileType = sourcecode.swift; path = ServiceHandler.swift; sourceTree = "<group>"; };
		7082FE922C6EA84A0028384F /* ServiceError.swift */ = {isa = PBXFileReference; lastKnownFileType = sourcecode.swift; path = ServiceError.swift; sourceTree = "<group>"; };
		7082FE952C6EB9E20028384F /* LoadingIndicatorView.swift */ = {isa = PBXFileReference; lastKnownFileType = sourcecode.swift; path = LoadingIndicatorView.swift; sourceTree = "<group>"; };
		7082FE972C6EBCF70028384F /* UIColor+Ext.swift */ = {isa = PBXFileReference; lastKnownFileType = sourcecode.swift; path = "UIColor+Ext.swift"; sourceTree = "<group>"; };
/* End PBXFileReference section */

/* Begin PBXFrameworksBuildPhase section */
		7082FE282C6E5F470028384F /* Frameworks */ = {
			isa = PBXFrameworksBuildPhase;
			buildActionMask = 2147483647;
			files = (
			);
			runOnlyForDeploymentPostprocessing = 0;
		};
		7082FE3E2C6E5F480028384F /* Frameworks */ = {
			isa = PBXFrameworksBuildPhase;
			buildActionMask = 2147483647;
			files = (
			);
			runOnlyForDeploymentPostprocessing = 0;
		};
		7082FE482C6E5F480028384F /* Frameworks */ = {
			isa = PBXFrameworksBuildPhase;
			buildActionMask = 2147483647;
			files = (
			);
			runOnlyForDeploymentPostprocessing = 0;
		};
/* End PBXFrameworksBuildPhase section */

/* Begin PBXGroup section */
		7082FE222C6E5F470028384F = {
			isa = PBXGroup;
			children = (
				7082FE2D2C6E5F470028384F /* Weather-app */,
				7082FE442C6E5F480028384F /* Weather-appTests */,
				7082FE4E2C6E5F480028384F /* Weather-appUITests */,
				7082FE2C2C6E5F470028384F /* Products */,
			);
			sourceTree = "<group>";
		};
		7082FE2C2C6E5F470028384F /* Products */ = {
			isa = PBXGroup;
			children = (
				7082FE2B2C6E5F470028384F /* Weather-app.app */,
				7082FE412C6E5F480028384F /* Weather-appTests.xctest */,
				7082FE4B2C6E5F480028384F /* Weather-appUITests.xctest */,
			);
			name = Products;
			sourceTree = "<group>";
		};
		7082FE2D2C6E5F470028384F /* Weather-app */ = {
			isa = PBXGroup;
			children = (
				7082FE842C6E908A0028384F /* App */,
				7082FE7D2C6E8DC90028384F /* Services */,
				7082FE7A2C6E8BC20028384F /* Utilities */,
				7082FE6A2C6E69DD0028384F /* Models */,
				7082FE852C6E90A90028384F /* WeatherAppScreenBuilder.swift */,
				7082FE602C6E622C0028384F /* WeatherDetails */,
				7082FE942C6EB9C30028384F /* LoadingIndicator */,
			);
			path = "Weather-app";
			sourceTree = "<group>";
		};
		7082FE442C6E5F480028384F /* Weather-appTests */ = {
			isa = PBXGroup;
			children = (
				7082FE452C6E5F480028384F /* Weather_appTests.swift */,
			);
			path = "Weather-appTests";
			sourceTree = "<group>";
		};
		7082FE4E2C6E5F480028384F /* Weather-appUITests */ = {
			isa = PBXGroup;
			children = (
				7082FE4F2C6E5F480028384F /* Weather_appUITests.swift */,
				7082FE512C6E5F480028384F /* Weather_appUITestsLaunchTests.swift */,
			);
			path = "Weather-appUITests";
			sourceTree = "<group>";
		};
		7082FE602C6E622C0028384F /* WeatherDetails */ = {
			isa = PBXGroup;
			children = (
				7082FE652C6E62AC0028384F /* Views */,
				7082FE322C6E5F470028384F /* WeatherDetailsViewController.swift */,
				7082FE762C6E88770028384F /* WeatherDetailsPresenter.swift */,
			);
			path = WeatherDetails;
			sourceTree = "<group>";
		};
		7082FE652C6E62AC0028384F /* Views */ = {
			isa = PBXGroup;
			children = (
				7082FE662C6E63410028384F /* SearchBarView.swift */,
				7082FE682C6E68300028384F /* TemperatureDataView.swift */,
				7082FE782C6E896F0028384F /* WeatherDetailsContentProvider.swift */,
			);
			path = Views;
			sourceTree = "<group>";
		};
		7082FE6A2C6E69DD0028384F /* Models */ = {
			isa = PBXGroup;
			children = (
				7082FE912C6EA8380028384F /* Services */,
				7082FE6B2C6E69E90028384F /* Weather.swift */,
				7082FE6F2C6E74780028384F /* OWMMainWeatherData.swift */,
				7082FE712C6E75260028384F /* OWMCloudData.swift */,
				7082FE732C6E75950028384F /* OWMWeatherVolumeData.swift */,
				7082FE8B2C6E9A9C0028384F /* Coordinates.swift */,
			);
			path = Models;
			sourceTree = "<group>";
		};
		7082FE7A2C6E8BC20028384F /* Utilities */ = {
			isa = PBXGroup;
			children = (
				7082FE7B2C6E8BD00028384F /* String+Ext.swift */,
				7082FE802C6E8E330028384F /* URLSession+Ext.swift */,
				7082FE872C6E94070028384F /* Bundle+Ext.swift */,
				7082FE972C6EBCF70028384F /* UIColor+Ext.swift */,
			);
			path = Utilities;
			sourceTree = "<group>";
		};
		7082FE7D2C6E8DC90028384F /* Services */ = {
			isa = PBXGroup;
			children = (
				7082FE7E2C6E8DFC0028384F /* OWMServiceProvider.swift */,
				7082FE8F2C6EA2010028384F /* ServiceHandler.swift */,
			);
			path = Services;
			sourceTree = "<group>";
		};
		7082FE842C6E908A0028384F /* App */ = {
			isa = PBXGroup;
			children = (
				7082FE2E2C6E5F470028384F /* AppDelegate.swift */,
				7082FE302C6E5F470028384F /* SceneDelegate.swift */,
				7082FE372C6E5F480028384F /* Assets.xcassets */,
				7082FE392C6E5F480028384F /* LaunchScreen.storyboard */,
				7082FE3C2C6E5F480028384F /* Info.plist */,
				7082FE822C6E8EE40028384F /* OWM-API.plist */,
			);
			path = App;
			sourceTree = "<group>";
		};
		7082FE912C6EA8380028384F /* Services */ = {
			isa = PBXGroup;
			children = (
				7082FE6D2C6E741A0028384F /* OWMWeatherResponse.swift */,
				7082FE8D2C6E9F3D0028384F /* OWMGeoCodingResponse.swift */,
				7082FE892C6E98BE0028384F /* APIData.swift */,
				7082FE922C6EA84A0028384F /* ServiceError.swift */,
			);
			path = Services;
			sourceTree = "<group>";
		};
		7082FE942C6EB9C30028384F /* LoadingIndicator */ = {
			isa = PBXGroup;
			children = (
				7082FE952C6EB9E20028384F /* LoadingIndicatorView.swift */,
			);
			path = LoadingIndicator;
			sourceTree = "<group>";
		};
/* End PBXGroup section */

/* Begin PBXNativeTarget section */
		7082FE2A2C6E5F470028384F /* Weather-app */ = {
			isa = PBXNativeTarget;
			buildConfigurationList = 7082FE552C6E5F480028384F /* Build configuration list for PBXNativeTarget "Weather-app" */;
			buildPhases = (
				7082FE272C6E5F470028384F /* Sources */,
				7082FE282C6E5F470028384F /* Frameworks */,
				7082FE292C6E5F470028384F /* Resources */,
			);
			buildRules = (
			);
			dependencies = (
			);
			name = "Weather-app";
			productName = "Weather-app";
			productReference = 7082FE2B2C6E5F470028384F /* Weather-app.app */;
			productType = "com.apple.product-type.application";
		};
		7082FE402C6E5F480028384F /* Weather-appTests */ = {
			isa = PBXNativeTarget;
			buildConfigurationList = 7082FE582C6E5F480028384F /* Build configuration list for PBXNativeTarget "Weather-appTests" */;
			buildPhases = (
				7082FE3D2C6E5F480028384F /* Sources */,
				7082FE3E2C6E5F480028384F /* Frameworks */,
				7082FE3F2C6E5F480028384F /* Resources */,
			);
			buildRules = (
			);
			dependencies = (
				7082FE432C6E5F480028384F /* PBXTargetDependency */,
			);
			name = "Weather-appTests";
			productName = "Weather-appTests";
			productReference = 7082FE412C6E5F480028384F /* Weather-appTests.xctest */;
			productType = "com.apple.product-type.bundle.unit-test";
		};
		7082FE4A2C6E5F480028384F /* Weather-appUITests */ = {
			isa = PBXNativeTarget;
			buildConfigurationList = 7082FE5B2C6E5F480028384F /* Build configuration list for PBXNativeTarget "Weather-appUITests" */;
			buildPhases = (
				7082FE472C6E5F480028384F /* Sources */,
				7082FE482C6E5F480028384F /* Frameworks */,
				7082FE492C6E5F480028384F /* Resources */,
			);
			buildRules = (
			);
			dependencies = (
				7082FE4D2C6E5F480028384F /* PBXTargetDependency */,
			);
			name = "Weather-appUITests";
			productName = "Weather-appUITests";
			productReference = 7082FE4B2C6E5F480028384F /* Weather-appUITests.xctest */;
			productType = "com.apple.product-type.bundle.ui-testing";
		};
/* End PBXNativeTarget section */

/* Begin PBXProject section */
		7082FE232C6E5F470028384F /* Project object */ = {
			isa = PBXProject;
			attributes = {
				BuildIndependentTargetsInParallel = 1;
				LastSwiftUpdateCheck = 1430;
				LastUpgradeCheck = 1430;
				TargetAttributes = {
					7082FE2A2C6E5F470028384F = {
						CreatedOnToolsVersion = 14.3.1;
					};
					7082FE402C6E5F480028384F = {
						CreatedOnToolsVersion = 14.3.1;
						TestTargetID = 7082FE2A2C6E5F470028384F;
					};
					7082FE4A2C6E5F480028384F = {
						CreatedOnToolsVersion = 14.3.1;
						TestTargetID = 7082FE2A2C6E5F470028384F;
					};
				};
			};
			buildConfigurationList = 7082FE262C6E5F470028384F /* Build configuration list for PBXProject "Weather-app" */;
			compatibilityVersion = "Xcode 14.0";
			developmentRegion = en;
			hasScannedForEncodings = 0;
			knownRegions = (
				en,
				Base,
			);
			mainGroup = 7082FE222C6E5F470028384F;
			productRefGroup = 7082FE2C2C6E5F470028384F /* Products */;
			projectDirPath = "";
			projectRoot = "";
			targets = (
				7082FE2A2C6E5F470028384F /* Weather-app */,
				7082FE402C6E5F480028384F /* Weather-appTests */,
				7082FE4A2C6E5F480028384F /* Weather-appUITests */,
			);
		};
/* End PBXProject section */

/* Begin PBXResourcesBuildPhase section */
		7082FE292C6E5F470028384F /* Resources */ = {
			isa = PBXResourcesBuildPhase;
			buildActionMask = 2147483647;
			files = (
				7082FE3B2C6E5F480028384F /* LaunchScreen.storyboard in Resources */,
				7082FE382C6E5F480028384F /* Assets.xcassets in Resources */,
				7082FE832C6E8EE40028384F /* OWM-API.plist in Resources */,
			);
			runOnlyForDeploymentPostprocessing = 0;
		};
		7082FE3F2C6E5F480028384F /* Resources */ = {
			isa = PBXResourcesBuildPhase;
			buildActionMask = 2147483647;
			files = (
			);
			runOnlyForDeploymentPostprocessing = 0;
		};
		7082FE492C6E5F480028384F /* Resources */ = {
			isa = PBXResourcesBuildPhase;
			buildActionMask = 2147483647;
			files = (
			);
			runOnlyForDeploymentPostprocessing = 0;
		};
/* End PBXResourcesBuildPhase section */

/* Begin PBXSourcesBuildPhase section */
		7082FE272C6E5F470028384F /* Sources */ = {
			isa = PBXSourcesBuildPhase;
			buildActionMask = 2147483647;
			files = (
				7082FE862C6E90A90028384F /* WeatherAppScreenBuilder.swift in Sources */,
				7082FE902C6EA2010028384F /* ServiceHandler.swift in Sources */,
				7082FE772C6E88770028384F /* WeatherDetailsPresenter.swift in Sources */,
				7082FE672C6E63410028384F /* SearchBarView.swift in Sources */,
				7082FE722C6E75260028384F /* OWMCloudData.swift in Sources */,
				7082FE7C2C6E8BD00028384F /* String+Ext.swift in Sources */,
				7082FE332C6E5F470028384F /* WeatherDetailsViewController.swift in Sources */,
				7082FE6E2C6E741A0028384F /* OWMWeatherResponse.swift in Sources */,
				7082FE742C6E75950028384F /* OWMWeatherVolumeData.swift in Sources */,
				7082FE792C6E896F0028384F /* WeatherDetailsContentProvider.swift in Sources */,
				7082FE932C6EA84A0028384F /* ServiceError.swift in Sources */,
				7082FE2F2C6E5F470028384F /* AppDelegate.swift in Sources */,
				7082FE8E2C6E9F3D0028384F /* OWMGeoCodingResponse.swift in Sources */,
				7082FE692C6E68300028384F /* TemperatureDataView.swift in Sources */,
				7082FE702C6E74780028384F /* OWMMainWeatherData.swift in Sources */,
				7082FE8A2C6E98BE0028384F /* APIData.swift in Sources */,
				7082FE8C2C6E9A9C0028384F /* Coordinates.swift in Sources */,
				7082FE962C6EB9E20028384F /* LoadingIndicatorView.swift in Sources */,
				7082FE882C6E94070028384F /* Bundle+Ext.swift in Sources */,
				7082FE6C2C6E69E90028384F /* Weather.swift in Sources */,
				7082FE7F2C6E8DFC0028384F /* OWMServiceProvider.swift in Sources */,
				7082FE982C6EBCF70028384F /* UIColor+Ext.swift in Sources */,
				7082FE812C6E8E330028384F /* URLSession+Ext.swift in Sources */,
				7082FE312C6E5F470028384F /* SceneDelegate.swift in Sources */,
			);
			runOnlyForDeploymentPostprocessing = 0;
		};
		7082FE3D2C6E5F480028384F /* Sources */ = {
			isa = PBXSourcesBuildPhase;
			buildActionMask = 2147483647;
			files = (
				7082FE462C6E5F480028384F /* Weather_appTests.swift in Sources */,
			);
			runOnlyForDeploymentPostprocessing = 0;
		};
		7082FE472C6E5F480028384F /* Sources */ = {
			isa = PBXSourcesBuildPhase;
			buildActionMask = 2147483647;
			files = (
				7082FE502C6E5F480028384F /* Weather_appUITests.swift in Sources */,
				7082FE522C6E5F480028384F /* Weather_appUITestsLaunchTests.swift in Sources */,
			);
			runOnlyForDeploymentPostprocessing = 0;
		};
/* End PBXSourcesBuildPhase section */

/* Begin PBXTargetDependency section */
		7082FE432C6E5F480028384F /* PBXTargetDependency */ = {
			isa = PBXTargetDependency;
			target = 7082FE2A2C6E5F470028384F /* Weather-app */;
			targetProxy = 7082FE422C6E5F480028384F /* PBXContainerItemProxy */;
		};
		7082FE4D2C6E5F480028384F /* PBXTargetDependency */ = {
			isa = PBXTargetDependency;
			target = 7082FE2A2C6E5F470028384F /* Weather-app */;
			targetProxy = 7082FE4C2C6E5F480028384F /* PBXContainerItemProxy */;
		};
/* End PBXTargetDependency section */

/* Begin PBXVariantGroup section */
		7082FE392C6E5F480028384F /* LaunchScreen.storyboard */ = {
			isa = PBXVariantGroup;
			children = (
				7082FE3A2C6E5F480028384F /* Base */,
			);
			name = LaunchScreen.storyboard;
			sourceTree = "<group>";
		};
/* End PBXVariantGroup section */

/* Begin XCBuildConfiguration section */
		7082FE532C6E5F480028384F /* Debug */ = {
			isa = XCBuildConfiguration;
			buildSettings = {
				ALWAYS_SEARCH_USER_PATHS = NO;
				CLANG_ANALYZER_NONNULL = YES;
				CLANG_ANALYZER_NUMBER_OBJECT_CONVERSION = YES_AGGRESSIVE;
				CLANG_CXX_LANGUAGE_STANDARD = "gnu++20";
				CLANG_ENABLE_MODULES = YES;
				CLANG_ENABLE_OBJC_ARC = YES;
				CLANG_ENABLE_OBJC_WEAK = YES;
				CLANG_WARN_BLOCK_CAPTURE_AUTORELEASING = YES;
				CLANG_WARN_BOOL_CONVERSION = YES;
				CLANG_WARN_COMMA = YES;
				CLANG_WARN_CONSTANT_CONVERSION = YES;
				CLANG_WARN_DEPRECATED_OBJC_IMPLEMENTATIONS = YES;
				CLANG_WARN_DIRECT_OBJC_ISA_USAGE = YES_ERROR;
				CLANG_WARN_DOCUMENTATION_COMMENTS = YES;
				CLANG_WARN_EMPTY_BODY = YES;
				CLANG_WARN_ENUM_CONVERSION = YES;
				CLANG_WARN_INFINITE_RECURSION = YES;
				CLANG_WARN_INT_CONVERSION = YES;
				CLANG_WARN_NON_LITERAL_NULL_CONVERSION = YES;
				CLANG_WARN_OBJC_IMPLICIT_RETAIN_SELF = YES;
				CLANG_WARN_OBJC_LITERAL_CONVERSION = YES;
				CLANG_WARN_OBJC_ROOT_CLASS = YES_ERROR;
				CLANG_WARN_QUOTED_INCLUDE_IN_FRAMEWORK_HEADER = YES;
				CLANG_WARN_RANGE_LOOP_ANALYSIS = YES;
				CLANG_WARN_STRICT_PROTOTYPES = YES;
				CLANG_WARN_SUSPICIOUS_MOVE = YES;
				CLANG_WARN_UNGUARDED_AVAILABILITY = YES_AGGRESSIVE;
				CLANG_WARN_UNREACHABLE_CODE = YES;
				CLANG_WARN__DUPLICATE_METHOD_MATCH = YES;
				COPY_PHASE_STRIP = NO;
				DEBUG_INFORMATION_FORMAT = dwarf;
				ENABLE_STRICT_OBJC_MSGSEND = YES;
				ENABLE_TESTABILITY = YES;
				GCC_C_LANGUAGE_STANDARD = gnu11;
				GCC_DYNAMIC_NO_PIC = NO;
				GCC_NO_COMMON_BLOCKS = YES;
				GCC_OPTIMIZATION_LEVEL = 0;
				GCC_PREPROCESSOR_DEFINITIONS = (
					"DEBUG=1",
					"$(inherited)",
				);
				GCC_WARN_64_TO_32_BIT_CONVERSION = YES;
				GCC_WARN_ABOUT_RETURN_TYPE = YES_ERROR;
				GCC_WARN_UNDECLARED_SELECTOR = YES;
				GCC_WARN_UNINITIALIZED_AUTOS = YES_AGGRESSIVE;
				GCC_WARN_UNUSED_FUNCTION = YES;
				GCC_WARN_UNUSED_VARIABLE = YES;
				IPHONEOS_DEPLOYMENT_TARGET = 16.4;
				MTL_ENABLE_DEBUG_INFO = INCLUDE_SOURCE;
				MTL_FAST_MATH = YES;
				ONLY_ACTIVE_ARCH = YES;
				SDKROOT = iphoneos;
				SWIFT_ACTIVE_COMPILATION_CONDITIONS = DEBUG;
				SWIFT_OPTIMIZATION_LEVEL = "-Onone";
			};
			name = Debug;
		};
		7082FE542C6E5F480028384F /* Release */ = {
			isa = XCBuildConfiguration;
			buildSettings = {
				ALWAYS_SEARCH_USER_PATHS = NO;
				CLANG_ANALYZER_NONNULL = YES;
				CLANG_ANALYZER_NUMBER_OBJECT_CONVERSION = YES_AGGRESSIVE;
				CLANG_CXX_LANGUAGE_STANDARD = "gnu++20";
				CLANG_ENABLE_MODULES = YES;
				CLANG_ENABLE_OBJC_ARC = YES;
				CLANG_ENABLE_OBJC_WEAK = YES;
				CLANG_WARN_BLOCK_CAPTURE_AUTORELEASING = YES;
				CLANG_WARN_BOOL_CONVERSION = YES;
				CLANG_WARN_COMMA = YES;
				CLANG_WARN_CONSTANT_CONVERSION = YES;
				CLANG_WARN_DEPRECATED_OBJC_IMPLEMENTATIONS = YES;
				CLANG_WARN_DIRECT_OBJC_ISA_USAGE = YES_ERROR;
				CLANG_WARN_DOCUMENTATION_COMMENTS = YES;
				CLANG_WARN_EMPTY_BODY = YES;
				CLANG_WARN_ENUM_CONVERSION = YES;
				CLANG_WARN_INFINITE_RECURSION = YES;
				CLANG_WARN_INT_CONVERSION = YES;
				CLANG_WARN_NON_LITERAL_NULL_CONVERSION = YES;
				CLANG_WARN_OBJC_IMPLICIT_RETAIN_SELF = YES;
				CLANG_WARN_OBJC_LITERAL_CONVERSION = YES;
				CLANG_WARN_OBJC_ROOT_CLASS = YES_ERROR;
				CLANG_WARN_QUOTED_INCLUDE_IN_FRAMEWORK_HEADER = YES;
				CLANG_WARN_RANGE_LOOP_ANALYSIS = YES;
				CLANG_WARN_STRICT_PROTOTYPES = YES;
				CLANG_WARN_SUSPICIOUS_MOVE = YES;
				CLANG_WARN_UNGUARDED_AVAILABILITY = YES_AGGRESSIVE;
				CLANG_WARN_UNREACHABLE_CODE = YES;
				CLANG_WARN__DUPLICATE_METHOD_MATCH = YES;
				COPY_PHASE_STRIP = NO;
				DEBUG_INFORMATION_FORMAT = "dwarf-with-dsym";
				ENABLE_NS_ASSERTIONS = NO;
				ENABLE_STRICT_OBJC_MSGSEND = YES;
				GCC_C_LANGUAGE_STANDARD = gnu11;
				GCC_NO_COMMON_BLOCKS = YES;
				GCC_WARN_64_TO_32_BIT_CONVERSION = YES;
				GCC_WARN_ABOUT_RETURN_TYPE = YES_ERROR;
				GCC_WARN_UNDECLARED_SELECTOR = YES;
				GCC_WARN_UNINITIALIZED_AUTOS = YES_AGGRESSIVE;
				GCC_WARN_UNUSED_FUNCTION = YES;
				GCC_WARN_UNUSED_VARIABLE = YES;
				IPHONEOS_DEPLOYMENT_TARGET = 16.4;
				MTL_ENABLE_DEBUG_INFO = NO;
				MTL_FAST_MATH = YES;
				SDKROOT = iphoneos;
				SWIFT_COMPILATION_MODE = wholemodule;
				SWIFT_OPTIMIZATION_LEVEL = "-O";
				VALIDATE_PRODUCT = YES;
			};
			name = Release;
		};
		7082FE562C6E5F480028384F /* Debug */ = {
			isa = XCBuildConfiguration;
			buildSettings = {
				ASSETCATALOG_COMPILER_APPICON_NAME = AppIcon;
				ASSETCATALOG_COMPILER_GLOBAL_ACCENT_COLOR_NAME = AccentColor;
				CODE_SIGN_STYLE = Manual;
				CURRENT_PROJECT_VERSION = 1;
				DEVELOPMENT_TEAM = "";
				GENERATE_INFOPLIST_FILE = YES;
				INFOPLIST_FILE = "Weather-app/App/Info.plist";
				INFOPLIST_KEY_UIApplicationSupportsIndirectInputEvents = YES;
				INFOPLIST_KEY_UILaunchStoryboardName = LaunchScreen;
				INFOPLIST_KEY_UIMainStoryboardFile = "";
				INFOPLIST_KEY_UISupportedInterfaceOrientations_iPad = "UIInterfaceOrientationPortrait UIInterfaceOrientationPortraitUpsideDown UIInterfaceOrientationLandscapeLeft UIInterfaceOrientationLandscapeRight";
				INFOPLIST_KEY_UISupportedInterfaceOrientations_iPhone = "UIInterfaceOrientationPortrait UIInterfaceOrientationLandscapeLeft UIInterfaceOrientationLandscapeRight";
				LD_RUNPATH_SEARCH_PATHS = (
					"$(inherited)",
					"@executable_path/Frameworks",
				);
				MARKETING_VERSION = 1.0;
				PRODUCT_BUNDLE_IDENTIFIER = "com.danielmedinasada.Weather-app";
				PRODUCT_NAME = "$(TARGET_NAME)";
				PROVISIONING_PROFILE_SPECIFIER = "";
				SWIFT_EMIT_LOC_STRINGS = YES;
				SWIFT_VERSION = 5.0;
				TARGETED_DEVICE_FAMILY = "1,2";
			};
			name = Debug;
		};
		7082FE572C6E5F480028384F /* Release */ = {
			isa = XCBuildConfiguration;
			buildSettings = {
				ASSETCATALOG_COMPILER_APPICON_NAME = AppIcon;
				ASSETCATALOG_COMPILER_GLOBAL_ACCENT_COLOR_NAME = AccentColor;
				CODE_SIGN_STYLE = Manual;
				CURRENT_PROJECT_VERSION = 1;
				DEVELOPMENT_TEAM = "";
				GENERATE_INFOPLIST_FILE = YES;
				INFOPLIST_FILE = "Weather-app/App/Info.plist";
				INFOPLIST_KEY_UIApplicationSupportsIndirectInputEvents = YES;
				INFOPLIST_KEY_UILaunchStoryboardName = LaunchScreen;
				INFOPLIST_KEY_UIMainStoryboardFile = "";
				INFOPLIST_KEY_UISupportedInterfaceOrientations_iPad = "UIInterfaceOrientationPortrait UIInterfaceOrientationPortraitUpsideDown UIInterfaceOrientationLandscapeLeft UIInterfaceOrientationLandscapeRight";
				INFOPLIST_KEY_UISupportedInterfaceOrientations_iPhone = "UIInterfaceOrientationPortrait UIInterfaceOrientationLandscapeLeft UIInterfaceOrientationLandscapeRight";
				LD_RUNPATH_SEARCH_PATHS = (
					"$(inherited)",
					"@executable_path/Frameworks",
				);
				MARKETING_VERSION = 1.0;
				PRODUCT_BUNDLE_IDENTIFIER = "com.danielmedinasada.Weather-app";
				PRODUCT_NAME = "$(TARGET_NAME)";
				PROVISIONING_PROFILE_SPECIFIER = "";
				SWIFT_EMIT_LOC_STRINGS = YES;
				SWIFT_VERSION = 5.0;
				TARGETED_DEVICE_FAMILY = "1,2";
			};
			name = Release;
		};
		7082FE592C6E5F480028384F /* Debug */ = {
			isa = XCBuildConfiguration;
			buildSettings = {
				ALWAYS_EMBED_SWIFT_STANDARD_LIBRARIES = YES;
				BUNDLE_LOADER = "$(TEST_HOST)";
				CODE_SIGN_STYLE = Automatic;
				CURRENT_PROJECT_VERSION = 1;
				DEVELOPMENT_TEAM = 6DP24HY9QX;
				GENERATE_INFOPLIST_FILE = YES;
				IPHONEOS_DEPLOYMENT_TARGET = 16.4;
				MARKETING_VERSION = 1.0;
				PRODUCT_BUNDLE_IDENTIFIER = "com.danielmedinasada.Weather-appTests";
				PRODUCT_NAME = "$(TARGET_NAME)";
				SWIFT_EMIT_LOC_STRINGS = NO;
				SWIFT_VERSION = 5.0;
				TARGETED_DEVICE_FAMILY = "1,2";
				TEST_HOST = "$(BUILT_PRODUCTS_DIR)/Weather-app.app/$(BUNDLE_EXECUTABLE_FOLDER_PATH)/Weather-app";
			};
			name = Debug;
		};
		7082FE5A2C6E5F480028384F /* Release */ = {
			isa = XCBuildConfiguration;
			buildSettings = {
				ALWAYS_EMBED_SWIFT_STANDARD_LIBRARIES = YES;
				BUNDLE_LOADER = "$(TEST_HOST)";
				CODE_SIGN_STYLE = Automatic;
				CURRENT_PROJECT_VERSION = 1;
				DEVELOPMENT_TEAM = 6DP24HY9QX;
				GENERATE_INFOPLIST_FILE = YES;
				IPHONEOS_DEPLOYMENT_TARGET = 16.4;
				MARKETING_VERSION = 1.0;
				PRODUCT_BUNDLE_IDENTIFIER = "com.danielmedinasada.Weather-appTests";
				PRODUCT_NAME = "$(TARGET_NAME)";
				SWIFT_EMIT_LOC_STRINGS = NO;
				SWIFT_VERSION = 5.0;
				TARGETED_DEVICE_FAMILY = "1,2";
				TEST_HOST = "$(BUILT_PRODUCTS_DIR)/Weather-app.app/$(BUNDLE_EXECUTABLE_FOLDER_PATH)/Weather-app";
			};
			name = Release;
		};
		7082FE5C2C6E5F480028384F /* Debug */ = {
			isa = XCBuildConfiguration;
			buildSettings = {
				ALWAYS_EMBED_SWIFT_STANDARD_LIBRARIES = YES;
				CODE_SIGN_STYLE = Automatic;
				CURRENT_PROJECT_VERSION = 1;
				DEVELOPMENT_TEAM = 6DP24HY9QX;
				GENERATE_INFOPLIST_FILE = YES;
				MARKETING_VERSION = 1.0;
				PRODUCT_BUNDLE_IDENTIFIER = "com.danielmedinasada.Weather-appUITests";
				PRODUCT_NAME = "$(TARGET_NAME)";
				SWIFT_EMIT_LOC_STRINGS = NO;
				SWIFT_VERSION = 5.0;
				TARGETED_DEVICE_FAMILY = "1,2";
				TEST_TARGET_NAME = "Weather-app";
			};
			name = Debug;
		};
		7082FE5D2C6E5F480028384F /* Release */ = {
			isa = XCBuildConfiguration;
			buildSettings = {
				ALWAYS_EMBED_SWIFT_STANDARD_LIBRARIES = YES;
				CODE_SIGN_STYLE = Automatic;
				CURRENT_PROJECT_VERSION = 1;
				DEVELOPMENT_TEAM = 6DP24HY9QX;
				GENERATE_INFOPLIST_FILE = YES;
				MARKETING_VERSION = 1.0;
				PRODUCT_BUNDLE_IDENTIFIER = "com.danielmedinasada.Weather-appUITests";
				PRODUCT_NAME = "$(TARGET_NAME)";
				SWIFT_EMIT_LOC_STRINGS = NO;
				SWIFT_VERSION = 5.0;
				TARGETED_DEVICE_FAMILY = "1,2";
				TEST_TARGET_NAME = "Weather-app";
			};
			name = Release;
		};
/* End XCBuildConfiguration section */

/* Begin XCConfigurationList section */
		7082FE262C6E5F470028384F /* Build configuration list for PBXProject "Weather-app" */ = {
			isa = XCConfigurationList;
			buildConfigurations = (
				7082FE532C6E5F480028384F /* Debug */,
				7082FE542C6E5F480028384F /* Release */,
			);
			defaultConfigurationIsVisible = 0;
			defaultConfigurationName = Release;
		};
		7082FE552C6E5F480028384F /* Build configuration list for PBXNativeTarget "Weather-app" */ = {
			isa = XCConfigurationList;
			buildConfigurations = (
				7082FE562C6E5F480028384F /* Debug */,
				7082FE572C6E5F480028384F /* Release */,
			);
			defaultConfigurationIsVisible = 0;
			defaultConfigurationName = Release;
		};
		7082FE582C6E5F480028384F /* Build configuration list for PBXNativeTarget "Weather-appTests" */ = {
			isa = XCConfigurationList;
			buildConfigurations = (
				7082FE592C6E5F480028384F /* Debug */,
				7082FE5A2C6E5F480028384F /* Release */,
			);
			defaultConfigurationIsVisible = 0;
			defaultConfigurationName = Release;
		};
		7082FE5B2C6E5F480028384F /* Build configuration list for PBXNativeTarget "Weather-appUITests" */ = {
			isa = XCConfigurationList;
			buildConfigurations = (
				7082FE5C2C6E5F480028384F /* Debug */,
				7082FE5D2C6E5F480028384F /* Release */,
			);
			defaultConfigurationIsVisible = 0;
			defaultConfigurationName = Release;
		};
/* End XCConfigurationList section */
	};
	rootObject = 7082FE232C6E5F470028384F /* Project object */;
}
